
Microsoft Visual Studio Solution File, Format Version 12.00
# Visual Studio Version 17
VisualStudioVersion = 17.0.31903.59
MinimumVisualStudioVersion = 10.0.40219.1
Project("{FAE04EC0-301F-11D3-BF4B-00C04F79EFBC}") = "API", "API\API.csproj", "{3835061D-AC98-42E7-B216-9214DF40693E}"
EndProject
Project("{FAE04EC0-301F-11D3-BF4B-00C04F79EFBC}") = "Application", "Application\Application.csproj", "{D83B18AB-D4D2-4344-A424-1D9F5FF261FE}"
EndProject
Project("{FAE04EC0-301F-11D3-BF4B-00C04F79EFBC}") = "Domain", "Domain\Domain.csproj", "{9AA0F2DE-4E61-41DE-883B-9D21F01EAD55}"
EndProject
Project("{FAE04EC0-301F-11D3-BF4B-00C04F79EFBC}") = "Persistence", "Persistence\Persistence.csproj", "{B703BB52-25C7-405D-BC18-5E17205213DF}"
EndProject
Global
	GlobalSection(SolutionConfigurationPlatforms) = preSolution
		Debug|Any CPU = Debug|Any CPU
		Debug|x64 = Debug|x64
		Debug|x86 = Debug|x86
		Release|Any CPU = Release|Any CPU
		Release|x64 = Release|x64
		Release|x86 = Release|x86
	EndGlobalSection
	GlobalSection(ProjectConfigurationPlatforms) = postSolution
		{3835061D-AC98-42E7-B216-9214DF40693E}.Debug|Any CPU.ActiveCfg = Debug|Any CPU
		{3835061D-AC98-42E7-B216-9214DF40693E}.Debug|Any CPU.Build.0 = Debug|Any CPU
		{3835061D-AC98-42E7-B216-9214DF40693E}.Debug|x64.ActiveCfg = Debug|Any CPU
		{3835061D-AC98-42E7-B216-9214DF40693E}.Debug|x64.Build.0 = Debug|Any CPU
		{3835061D-AC98-42E7-B216-9214DF40693E}.Debug|x86.ActiveCfg = Debug|Any CPU
		{3835061D-AC98-42E7-B216-9214DF40693E}.Debug|x86.Build.0 = Debug|Any CPU
		{3835061D-AC98-42E7-B216-9214DF40693E}.Release|Any CPU.ActiveCfg = Release|Any CPU
		{3835061D-AC98-42E7-B216-9214DF40693E}.Release|Any CPU.Build.0 = Release|Any CPU
		{3835061D-AC98-42E7-B216-9214DF40693E}.Release|x64.ActiveCfg = Release|Any CPU
		{3835061D-AC98-42E7-B216-9214DF40693E}.Release|x64.Build.0 = Release|Any CPU
		{3835061D-AC98-42E7-B216-9214DF40693E}.Release|x86.ActiveCfg = Release|Any CPU
		{3835061D-AC98-42E7-B216-9214DF40693E}.Release|x86.Build.0 = Release|Any CPU
		{D83B18AB-D4D2-4344-A424-1D9F5FF261FE}.Debug|Any CPU.ActiveCfg = Debug|Any CPU
		{D83B18AB-D4D2-4344-A424-1D9F5FF261FE}.Debug|Any CPU.Build.0 = Debug|Any CPU
		{D83B18AB-D4D2-4344-A424-1D9F5FF261FE}.Debug|x64.ActiveCfg = Debug|Any CPU
		{D83B18AB-D4D2-4344-A424-1D9F5FF261FE}.Debug|x64.Build.0 = Debug|Any CPU
		{D83B18AB-D4D2-4344-A424-1D9F5FF261FE}.Debug|x86.ActiveCfg = Debug|Any CPU
		{D83B18AB-D4D2-4344-A424-1D9F5FF261FE}.Debug|x86.Build.0 = Debug|Any CPU
		{D83B18AB-D4D2-4344-A424-1D9F5FF261FE}.Release|Any CPU.ActiveCfg = Release|Any CPU
		{D83B18AB-D4D2-4344-A424-1D9F5FF261FE}.Release|Any CPU.Build.0 = Release|Any CPU
		{D83B18AB-D4D2-4344-A424-1D9F5FF261FE}.Release|x64.ActiveCfg = Release|Any CPU
		{D83B18AB-D4D2-4344-A424-1D9F5FF261FE}.Release|x64.Build.0 = Release|Any CPU
		{D83B18AB-D4D2-4344-A424-1D9F5FF261FE}.Release|x86.ActiveCfg = Release|Any CPU
		{D83B18AB-D4D2-4344-A424-1D9F5FF261FE}.Release|x86.Build.0 = Release|Any CPU
		{9AA0F2DE-4E61-41DE-883B-9D21F01EAD55}.Debug|Any CPU.ActiveCfg = Debug|Any CPU
		{9AA0F2DE-4E61-41DE-883B-9D21F01EAD55}.Debug|Any CPU.Build.0 = Debug|Any CPU
		{9AA0F2DE-4E61-41DE-883B-9D21F01EAD55}.Debug|x64.ActiveCfg = Debug|Any CPU
		{9AA0F2DE-4E61-41DE-883B-9D21F01EAD55}.Debug|x64.Build.0 = Debug|Any CPU
		{9AA0F2DE-4E61-41DE-883B-9D21F01EAD55}.Debug|x86.ActiveCfg = Debug|Any CPU
		{9AA0F2DE-4E61-41DE-883B-9D21F01EAD55}.Debug|x86.Build.0 = Debug|Any CPU
		{9AA0F2DE-4E61-41DE-883B-9D21F01EAD55}.Release|Any CPU.ActiveCfg = Release|Any CPU
		{9AA0F2DE-4E61-41DE-883B-9D21F01EAD55}.Release|Any CPU.Build.0 = Release|Any CPU
		{9AA0F2DE-4E61-41DE-883B-9D21F01EAD55}.Release|x64.ActiveCfg = Release|Any CPU
		{9AA0F2DE-4E61-41DE-883B-9D21F01EAD55}.Release|x64.Build.0 = Release|Any CPU
		{9AA0F2DE-4E61-41DE-883B-9D21F01EAD55}.Release|x86.ActiveCfg = Release|Any CPU
		{9AA0F2DE-4E61-41DE-883B-9D21F01EAD55}.Release|x86.Build.0 = Release|Any CPU
		{B703BB52-25C7-405D-BC18-5E17205213DF}.Debug|Any CPU.ActiveCfg = Debug|Any CPU
		{B703BB52-25C7-405D-BC18-5E17205213DF}.Debug|Any CPU.Build.0 = Debug|Any CPU
		{B703BB52-25C7-405D-BC18-5E17205213DF}.Debug|x64.ActiveCfg = Debug|Any CPU
		{B703BB52-25C7-405D-BC18-5E17205213DF}.Debug|x64.Build.0 = Debug|Any CPU
		{B703BB52-25C7-405D-BC18-5E17205213DF}.Debug|x86.ActiveCfg = Debug|Any CPU
		{B703BB52-25C7-405D-BC18-5E17205213DF}.Debug|x86.Build.0 = Debug|Any CPU
		{B703BB52-25C7-405D-BC18-5E17205213DF}.Release|Any CPU.ActiveCfg = Release|Any CPU
		{B703BB52-25C7-405D-BC18-5E17205213DF}.Release|Any CPU.Build.0 = Release|Any CPU
		{B703BB52-25C7-405D-BC18-5E17205213DF}.Release|x64.ActiveCfg = Release|Any CPU
		{B703BB52-25C7-405D-BC18-5E17205213DF}.Release|x64.Build.0 = Release|Any CPU
		{B703BB52-25C7-405D-BC18-5E17205213DF}.Release|x86.ActiveCfg = Release|Any CPU
		{B703BB52-25C7-405D-BC18-5E17205213DF}.Release|x86.Build.0 = Release|Any CPU
	EndGlobalSection
	GlobalSection(SolutionProperties) = preSolution
		HideSolutionNode = FALSE
	EndGlobalSection
EndGlobal
